
Microsoft Visual Studio Solution File, Format Version 12.00
# Visual Studio Version 17
VisualStudioVersion = 17.0.31903.59
MinimumVisualStudioVersion = 10.0.40219.1
Project("{FAE04EC0-301F-11D3-BF4B-00C04F79EFBC}") = "Greenhouse.Coordinator", "Greenhouse.Coordinator\Greenhouse.Coordinator.csproj", "{29089C2F-9CAB-7D8C-0A96-54567F08F8D8}"
EndProject
Project("{FAE04EC0-301F-11D3-BF4B-00C04F79EFBC}") = "Greenhouse.SecurityMonitor", "Greenhouse.SecurityMonitor\Greenhouse.SecurityMonitor.csproj", "{5B58FBDC-B17B-4DD8-B7BD-1AC9A3A2BD8B}"
EndProject
Project("{2150E333-8FDC-42A3-9474-1A3956D46DE8}") = "Modules", "Modules", "{5A002587-BB21-49AC-9E6B-215258F04872}"
EndProject
Project("{2150E333-8FDC-42A3-9474-1A3956D46DE8}") = "MessageBus", "MessageBus", "{792000AB-6770-43BB-AB5E-93F552C0EE32}"
EndProject
Project("{FAE04EC0-301F-11D3-BF4B-00C04F79EFBC}") = "Greenhouse.MessageBus", "Greenhouse.MessageBus\Greenhouse.MessageBus.csproj", "{1FA47018-05D4-4029-8171-47C032D14987}"
EndProject
Project("{FAE04EC0-301F-11D3-BF4B-00C04F79EFBC}") = "Greenhouse.MessageBus.RabbitMQ", "Greenhouse.MessageBus.RabbitMQ\Greenhouse.MessageBus.RabbitMQ.csproj", "{FF8A113B-E9C9-46F9-87E3-E7761CB5A3A3}"
EndProject
Project("{FAE04EC0-301F-11D3-BF4B-00C04F79EFBC}") = "Greenhouse.SeedPlantingSystem", "Greenhouse.SeedPlantingSystem\Greenhouse.SeedPlantingSystem.csproj", "{0125E2B9-DCB4-489E-88C1-F61FAC597E7A}"
EndProject
Global
	GlobalSection(SolutionConfigurationPlatforms) = preSolution
		Debug|Any CPU = Debug|Any CPU
		Release|Any CPU = Release|Any CPU
	EndGlobalSection
	GlobalSection(ProjectConfigurationPlatforms) = postSolution
		{29089C2F-9CAB-7D8C-0A96-54567F08F8D8}.Debug|Any CPU.ActiveCfg = Debug|Any CPU
		{29089C2F-9CAB-7D8C-0A96-54567F08F8D8}.Debug|Any CPU.Build.0 = Debug|Any CPU
		{29089C2F-9CAB-7D8C-0A96-54567F08F8D8}.Release|Any CPU.ActiveCfg = Release|Any CPU
		{29089C2F-9CAB-7D8C-0A96-54567F08F8D8}.Release|Any CPU.Build.0 = Release|Any CPU
		{5B58FBDC-B17B-4DD8-B7BD-1AC9A3A2BD8B}.Debug|Any CPU.ActiveCfg = Debug|Any CPU
		{5B58FBDC-B17B-4DD8-B7BD-1AC9A3A2BD8B}.Debug|Any CPU.Build.0 = Debug|Any CPU
		{5B58FBDC-B17B-4DD8-B7BD-1AC9A3A2BD8B}.Release|Any CPU.ActiveCfg = Release|Any CPU
		{5B58FBDC-B17B-4DD8-B7BD-1AC9A3A2BD8B}.Release|Any CPU.Build.0 = Release|Any CPU
		{1FA47018-05D4-4029-8171-47C032D14987}.Debug|Any CPU.ActiveCfg = Debug|Any CPU
		{1FA47018-05D4-4029-8171-47C032D14987}.Debug|Any CPU.Build.0 = Debug|Any CPU
		{1FA47018-05D4-4029-8171-47C032D14987}.Release|Any CPU.ActiveCfg = Release|Any CPU
		{1FA47018-05D4-4029-8171-47C032D14987}.Release|Any CPU.Build.0 = Release|Any CPU
		{FF8A113B-E9C9-46F9-87E3-E7761CB5A3A3}.Debug|Any CPU.ActiveCfg = Debug|Any CPU
		{FF8A113B-E9C9-46F9-87E3-E7761CB5A3A3}.Debug|Any CPU.Build.0 = Debug|Any CPU
		{FF8A113B-E9C9-46F9-87E3-E7761CB5A3A3}.Release|Any CPU.ActiveCfg = Release|Any CPU
		{FF8A113B-E9C9-46F9-87E3-E7761CB5A3A3}.Release|Any CPU.Build.0 = Release|Any CPU
		{0125E2B9-DCB4-489E-88C1-F61FAC597E7A}.Debug|Any CPU.ActiveCfg = Debug|Any CPU
		{0125E2B9-DCB4-489E-88C1-F61FAC597E7A}.Debug|Any CPU.Build.0 = Debug|Any CPU
		{0125E2B9-DCB4-489E-88C1-F61FAC597E7A}.Release|Any CPU.ActiveCfg = Release|Any CPU
		{0125E2B9-DCB4-489E-88C1-F61FAC597E7A}.Release|Any CPU.Build.0 = Release|Any CPU
	EndGlobalSection
	GlobalSection(SolutionProperties) = preSolution
		HideSolutionNode = FALSE
	EndGlobalSection
	GlobalSection(NestedProjects) = preSolution
		{29089C2F-9CAB-7D8C-0A96-54567F08F8D8} = {5A002587-BB21-49AC-9E6B-215258F04872}
		{1FA47018-05D4-4029-8171-47C032D14987} = {792000AB-6770-43BB-AB5E-93F552C0EE32}
		{FF8A113B-E9C9-46F9-87E3-E7761CB5A3A3} = {792000AB-6770-43BB-AB5E-93F552C0EE32}
		{0125E2B9-DCB4-489E-88C1-F61FAC597E7A} = {5A002587-BB21-49AC-9E6B-215258F04872}
	EndGlobalSection
	GlobalSection(ExtensibilityGlobals) = postSolution
		SolutionGuid = {BDC28687-8FE3-42C8-BCA6-585469B91852}
	EndGlobalSection
EndGlobal
