
Microsoft Visual Studio Solution File, Format Version 12.00
# Visual Studio Version 17
VisualStudioVersion = 17.0.31903.59
MinimumVisualStudioVersion = 10.0.40219.1
Project("{FAE04EC0-301F-11D3-BF4B-00C04F79EFBC}") = "Greenhouse.Coordinator", "Greenhouse.Coordinator\Greenhouse.Coordinator.csproj", "{29089C2F-9CAB-7D8C-0A96-54567F08F8D8}"
EndProject
Project("{FAE04EC0-301F-11D3-BF4B-00C04F79EFBC}") = "Greenhouse.SecurityMonitor", "Greenhouse.SecurityMonitor\Greenhouse.SecurityMonitor.csproj", "{5B58FBDC-B17B-4DD8-B7BD-1AC9A3A2BD8B}"
EndProject
Global
	GlobalSection(SolutionConfigurationPlatforms) = preSolution
		Debug|Any CPU = Debug|Any CPU
		Release|Any CPU = Release|Any CPU
	EndGlobalSection
	GlobalSection(ProjectConfigurationPlatforms) = postSolution
		{29089C2F-9CAB-7D8C-0A96-54567F08F8D8}.Debug|Any CPU.ActiveCfg = Debug|Any CPU
		{29089C2F-9CAB-7D8C-0A96-54567F08F8D8}.Debug|Any CPU.Build.0 = Debug|Any CPU
		{29089C2F-9CAB-7D8C-0A96-54567F08F8D8}.Release|Any CPU.ActiveCfg = Release|Any CPU
		{29089C2F-9CAB-7D8C-0A96-54567F08F8D8}.Release|Any CPU.Build.0 = Release|Any CPU
		{5B58FBDC-B17B-4DD8-B7BD-1AC9A3A2BD8B}.Debug|Any CPU.ActiveCfg = Debug|Any CPU
		{5B58FBDC-B17B-4DD8-B7BD-1AC9A3A2BD8B}.Debug|Any CPU.Build.0 = Debug|Any CPU
		{5B58FBDC-B17B-4DD8-B7BD-1AC9A3A2BD8B}.Release|Any CPU.ActiveCfg = Release|Any CPU
		{5B58FBDC-B17B-4DD8-B7BD-1AC9A3A2BD8B}.Release|Any CPU.Build.0 = Release|Any CPU
	EndGlobalSection
	GlobalSection(SolutionProperties) = preSolution
		HideSolutionNode = FALSE
	EndGlobalSection
	GlobalSection(ExtensibilityGlobals) = postSolution
		SolutionGuid = {BDC28687-8FE3-42C8-BCA6-585469B91852}
	EndGlobalSection
EndGlobal
