
Microsoft Visual Studio Solution File, Format Version 12.00
# Visual Studio Version 17
VisualStudioVersion = 17.13.35825.156
MinimumVisualStudioVersion = 10.0.40219.1
Project("{FAE04EC0-301F-11D3-BF4B-00C04F79EFBC}") = "TomatoDatabase", "TomatoDatabase.csproj", "{980887E7-D1A7-0553-7644-450AD1432A89}"
EndProject
Project("{FAE04EC0-301F-11D3-BF4B-00C04F79EFBC}") = "Greenhouse.Coordinator", "..\Greenhouse\Greenhouse.Coordinator\Greenhouse.Coordinator.csproj", "{1A50B8BF-3DC9-4B35-9378-738447B1088B}"
EndProject
Global
	GlobalSection(SolutionConfigurationPlatforms) = preSolution
		Debug|Any CPU = Debug|Any CPU
		Release|Any CPU = Release|Any CPU
	EndGlobalSection
	GlobalSection(ProjectConfigurationPlatforms) = postSolution
		{980887E7-D1A7-0553-7644-450AD1432A89}.Debug|Any CPU.ActiveCfg = Debug|Any CPU
		{980887E7-D1A7-0553-7644-450AD1432A89}.Debug|Any CPU.Build.0 = Debug|Any CPU
		{980887E7-D1A7-0553-7644-450AD1432A89}.Release|Any CPU.ActiveCfg = Release|Any CPU
		{980887E7-D1A7-0553-7644-450AD1432A89}.Release|Any CPU.Build.0 = Release|Any CPU
		{1A50B8BF-3DC9-4B35-9378-738447B1088B}.Debug|Any CPU.ActiveCfg = Debug|Any CPU
		{1A50B8BF-3DC9-4B35-9378-738447B1088B}.Debug|Any CPU.Build.0 = Debug|Any CPU
		{1A50B8BF-3DC9-4B35-9378-738447B1088B}.Release|Any CPU.ActiveCfg = Release|Any CPU
		{1A50B8BF-3DC9-4B35-9378-738447B1088B}.Release|Any CPU.Build.0 = Release|Any CPU
	EndGlobalSection
	GlobalSection(SolutionProperties) = preSolution
		HideSolutionNode = FALSE
	EndGlobalSection
	GlobalSection(ExtensibilityGlobals) = postSolution
		SolutionGuid = {F05D411A-3CF5-48E3-A0A5-EDA848E8C301}
	EndGlobalSection
EndGlobal
